
Microsoft Visual Studio Solution File, Format Version 12.00
# Visual Studio 15
VisualStudioVersion = 15.0.27130.2010
MinimumVisualStudioVersion = 10.0.40219.1
Project("{FAE04EC0-301F-11D3-BF4B-00C04F79EFBC}") = "Account", "Account\Account.csproj", "{4B575BCA-CB4D-41EA-8756-0E270529D5DA}"
EndProject
Project("{FAE04EC0-301F-11D3-BF4B-00C04F79EFBC}") = "Account.Tests", "Account.Tests\Account.Tests.csproj", "{70FD214E-547E-42F4-969D-73065B79C8DE}"
EndProject
Global
	GlobalSection(SolutionConfigurationPlatforms) = preSolution
		Debug|Any CPU = Debug|Any CPU
		Release|Any CPU = Release|Any CPU
	EndGlobalSection
	GlobalSection(ProjectConfigurationPlatforms) = postSolution
		{4B575BCA-CB4D-41EA-8756-0E270529D5DA}.Debug|Any CPU.ActiveCfg = Debug|Any CPU
		{4B575BCA-CB4D-41EA-8756-0E270529D5DA}.Debug|Any CPU.Build.0 = Debug|Any CPU
		{4B575BCA-CB4D-41EA-8756-0E270529D5DA}.Release|Any CPU.ActiveCfg = Release|Any CPU
		{4B575BCA-CB4D-41EA-8756-0E270529D5DA}.Release|Any CPU.Build.0 = Release|Any CPU
		{70FD214E-547E-42F4-969D-73065B79C8DE}.Debug|Any CPU.ActiveCfg = Debug|Any CPU
		{70FD214E-547E-42F4-969D-73065B79C8DE}.Debug|Any CPU.Build.0 = Debug|Any CPU
		{70FD214E-547E-42F4-969D-73065B79C8DE}.Release|Any CPU.ActiveCfg = Release|Any CPU
		{70FD214E-547E-42F4-969D-73065B79C8DE}.Release|Any CPU.Build.0 = Release|Any CPU
	EndGlobalSection
	GlobalSection(SolutionProperties) = preSolution
		HideSolutionNode = FALSE
	EndGlobalSection
	GlobalSection(ExtensibilityGlobals) = postSolution
		SolutionGuid = {1C84DAD3-DD63-4887-BD8A-DBE62B2133FB}
	EndGlobalSection
EndGlobal
